{
    "name": "bookcover-web",
    "version": "0.1.0",
    "lockfileVersion": 3,
    "requires": true,
    "packages": {
        "": {
            "name": "bookcover-web",
            "version": "0.1.0",
            "dependencies": {
                "@myriaddreamin/typst-ts-renderer": "^0.7.0-rc2",
                "@myriaddreamin/typst-ts-web-compiler": "^0.7.0-rc2",
                "@myriaddreamin/typst.ts": "^0.7.0-rc2",
                "bookcover": "file:../generator"
            }
        },
        "../generator": {
            "name": "bookcover",
            "version": "0.1.0",
            "dependencies": {
                "@types/chroma-js": "^3.1.2",
                "big.js": "^7.0.1",
                "bwip-js": "^4.9.0",
                "chroma-js": "^3.2.0",
                "printing-services": "^1.4.0",
                "zod": "^4.3.6"
            },
            "devDependencies": {
                "@types/big.js": "^6.2.2"
            }
        },
        "node_modules/@myriaddreamin/typst-ts-renderer": {
            "version": "0.7.0-rc2",
            "resolved": "https://registry.npmjs.org/@myriaddreamin/typst-ts-renderer/-/typst-ts-renderer-0.7.0-rc2.tgz",
            "integrity": "sha512-god1tcb2YJDkQfA8gLGcAmykVGBpNKorqqDkXVy3InC18KRbsverJhlrHoONurNIU9JuIHoWjJ2D1ntpjPgzbA==",
            "license": "Apache-2.0"
        },
        "node_modules/@myriaddreamin/typst-ts-web-compiler": {
            "version": "0.7.0-rc2",
            "resolved": "https://registry.npmjs.org/@myriaddreamin/typst-ts-web-compiler/-/typst-ts-web-compiler-0.7.0-rc2.tgz",
            "integrity": "sha512-WFO/ecKUfeclld5uDxyjgpnIafKpp2LrS6T1vY+CHaSxCm099AneAQIYFg+OtX+NbFpJsLGCBFSw/qppJJmBAw==",
            "license": "Apache-2.0"
        },
        "node_modules/@myriaddreamin/typst.ts": {
            "version": "0.7.0-rc2",
            "resolved": "https://registry.npmjs.org/@myriaddreamin/typst.ts/-/typst.ts-0.7.0-rc2.tgz",
            "integrity": "sha512-VM8JqsRcL3AEJ5cuPBn/YvnGTXK/BRPlxdGB2bR48Of/8OIGaPiunv2QfZBIMBBrtbTygUOtAY9BZvkS1AFqgA==",
            "license": "Apache-2.0",
            "dependencies": {
                "idb": "^7.1.1"
            },
            "peerDependencies": {
                "@myriaddreamin/typst-ts-renderer": "^0.7.0-rc2",
                "@myriaddreamin/typst-ts-web-compiler": "^0.7.0-rc2"
            },
            "peerDependenciesMeta": {
                "@myriaddreamin/typst-ts-renderer": {
                    "optional": true
                },
                "@myriaddreamin/typst-ts-web-compiler": {
                    "optional": true
                }
            }
        },
        "node_modules/bookcover": {
            "resolved": "../generator",
            "link": true
        },
        "node_modules/idb": {
            "version": "7.1.1",
            "resolved": "https://registry.npmjs.org/idb/-/idb-7.1.1.tgz",
            "integrity": "sha512-gchesWBzyvGHRO9W8tzUWFDycow5gwjvFKfyV9FF32Y7F50yZMp7mP+T2mJIWFx49zicqyC4uefHM17o6xKIVQ==",
            "license": "ISC"
        }
    }
}
